Microsoft Visual Studio Solution File, Format Version 12.00
# Visual Studio Version 17
VisualStudioVersion = 17.5.2.0
MinimumVisualStudioVersion = 10.0.40219.1
Project("{FAE04EC0-301F-11D3-BF4B-00C04F79EFBC}") = "2025---2---POO---Segunda", "2025---2---POO---Segunda.csproj", "{B1A2233D-AA09-ACB3-B8C9-225896B7BCF9}"
EndProject
Project("{FAE04EC0-301F-11D3-BF4B-00C04F79EFBC}") = "MinhaTV", "MinhaTV.csproj", "{CCFEE1EE-4AA6-64FB-0BF0-373BA2484FC9}"
EndProject
Global
	GlobalSection(SolutionConfigurationPlatforms) = preSolution
		Debug|Any CPU = Debug|Any CPU
		Release|Any CPU = Release|Any CPU
	EndGlobalSection
	GlobalSection(ProjectConfigurationPlatforms) = postSolution
		{B1A2233D-AA09-ACB3-B8C9-225896B7BCF9}.Debug|Any CPU.ActiveCfg = Debug|Any CPU
		{B1A2233D-AA09-ACB3-B8C9-225896B7BCF9}.Debug|Any CPU.Build.0 = Debug|Any CPU
		{B1A2233D-AA09-ACB3-B8C9-225896B7BCF9}.Release|Any CPU.ActiveCfg = Release|Any CPU
		{B1A2233D-AA09-ACB3-B8C9-225896B7BCF9}.Release|Any CPU.Build.0 = Release|Any CPU
		{CCFEE1EE-4AA6-64FB-0BF0-373BA2484FC9}.Debug|Any CPU.ActiveCfg = Debug|Any CPU
		{CCFEE1EE-4AA6-64FB-0BF0-373BA2484FC9}.Debug|Any CPU.Build.0 = Debug|Any CPU
		{CCFEE1EE-4AA6-64FB-0BF0-373BA2484FC9}.Release|Any CPU.ActiveCfg = Release|Any CPU
		{CCFEE1EE-4AA6-64FB-0BF0-373BA2484FC9}.Release|Any CPU.Build.0 = Release|Any CPU
	EndGlobalSection
	GlobalSection(SolutionProperties) = preSolution
		HideSolutionNode = FALSE
	EndGlobalSection
	GlobalSection(ExtensibilityGlobals) = postSolution
		SolutionGuid = {4ADB9F29-1AB4-435B-8D5C-F643BE4CED10}
	EndGlobalSection
EndGlobal
